{
  "object": {
    "pins": [
      {
        "package": "Prelude",
        "repositoryURL": "https://github.com/pointfreeco/swift-prelude.git",
        "state": {
          "branch": "master",
          "revision": "0ec0a56bb99911647d2081f99a6f6c9699a6a646",
          "version": null
        }
      }
    ]
  },
  "version": 1
}
